// !$*UTF8*$!
{
	archiveVersion = 1;
	classes = {
	};
	objectVersion = 77;
	objects = {

/* Begin PBXBuildFile section */
		E91350CA2E346C7B002C3A9C /* README.md in Sources */ = {isa = PBXBuildFile; fileRef = E91350C92E346C76002C3A9C /* README.md */; };
		E91350CC2E346DB8002C3A9C /* LICENSE.txt in Resources */ = {isa = PBXBuildFile; fileRef = E91350CB2E346DB8002C3A9C /* LICENSE.txt */; };
		E9FF8FE92E309FDD00EBD473 /* StadiaMaps in Frameworks */ = {isa = PBXBuildFile; productRef = E9FF8FE82E309FDD00EBD473 /* StadiaMaps */; };
/* End PBXBuildFile section */

/* Begin PBXContainerItemProxy section */
		E9F032522E0586820079BFCE /* PBXContainerItemProxy */ = {
			isa = PBXContainerItemProxy;
			containerPortal = E9F0323C2E05867F0079BFCE /* Project object */;
			proxyType = 1;
			remoteGlobalIDString = E9F032432E05867F0079BFCE;
			remoteInfo = "Foundation Models";
		};
		E9F0325C2E0586820079BFCE /* PBXContainerItemProxy */ = {
			isa = PBXContainerItemProxy;
			containerPortal = E9F0323C2E05867F0079BFCE /* Project object */;
			proxyType = 1;
			remoteGlobalIDString = E9F032432E05867F0079BFCE;
			remoteInfo = "Foundation Models";
		};
/* End PBXContainerItemProxy section */

/* Begin PBXFileReference section */
		E91350C92E346C76002C3A9C /* README.md */ = {isa = PBXFileReference; lastKnownFileType = sourcecode.swift; path = README.md; sourceTree = "<group>"; };
		E91350CB2E346DB8002C3A9C /* LICENSE.txt */ = {isa = PBXFileReference; lastKnownFileType = text; path = LICENSE.txt; sourceTree = "<group>"; };
		E9F032442E05867F0079BFCE /* Foundation Models.app */ = {isa = PBXFileReference; explicitFileType = wrapper.application; includeInIndex = 0; path = "Foundation Models.app"; sourceTree = BUILT_PRODUCTS_DIR; };
		E9F032512E0586820079BFCE /* Foundation ModelsTests.xctest */ = {isa = PBXFileReference; explicitFileType = wrapper.cfbundle; includeInIndex = 0; path = "Foundation ModelsTests.xctest"; sourceTree = BUILT_PRODUCTS_DIR; };
		E9F0325B2E0586820079BFCE /* Foundation ModelsUITests.xctest */ = {isa = PBXFileReference; explicitFileType = wrapper.cfbundle; includeInIndex = 0; path = "Foundation ModelsUITests.xctest"; sourceTree = BUILT_PRODUCTS_DIR; };
/* End PBXFileReference section */

/* Begin PBXFileSystemSynchronizedRootGroup section */
		E9F032462E05867F0079BFCE /* Foundation Models */ = {
			isa = PBXFileSystemSynchronizedRootGroup;
			path = "Foundation Models";
			sourceTree = "<group>";
		};
		E9F032542E0586820079BFCE /* Foundation ModelsTests */ = {
			isa = PBXFileSystemSynchronizedRootGroup;
			path = "Foundation ModelsTests";
			sourceTree = "<group>";
		};
		E9F0325E2E0586820079BFCE /* Foundation ModelsUITests */ = {
			isa = PBXFileSystemSynchronizedRootGroup;
			path = "Foundation ModelsUITests";
			sourceTree = "<group>";
		};
/* End PBXFileSystemSynchronizedRootGroup section */

/* Begin PBXFrameworksBuildPhase section */
		E9F032412E05867F0079BFCE /* Frameworks */ = {
			isa = PBXFrameworksBuildPhase;
			buildActionMask = 2147483647;
			files = (
				E9FF8FE92E309FDD00EBD473 /* StadiaMaps in Frameworks */,
			);
			runOnlyForDeploymentPostprocessing = 0;
		};
		E9F0324E2E0586820079BFCE /* Frameworks */ = {
			isa = PBXFrameworksBuildPhase;
			buildActionMask = 2147483647;
			files = (
			);
			runOnlyForDeploymentPostprocessing = 0;
		};
		E9F032582E0586820079BFCE /* Frameworks */ = {
			isa = PBXFrameworksBuildPhase;
			buildActionMask = 2147483647;
			files = (
			);
			runOnlyForDeploymentPostprocessing = 0;
		};
/* End PBXFrameworksBuildPhase section */

/* Begin PBXGroup section */
		E9F0323B2E05867F0079BFCE = {
			isa = PBXGroup;
			children = (
				E91350CB2E346DB8002C3A9C /* LICENSE.txt */,
				E91350C92E346C76002C3A9C /* README.md */,
				E9F032462E05867F0079BFCE /* Foundation Models */,
				E9F032542E0586820079BFCE /* Foundation ModelsTests */,
				E9F0325E2E0586820079BFCE /* Foundation ModelsUITests */,
				E9F032452E05867F0079BFCE /* Products */,
			);
			sourceTree = "<group>";
		};
		E9F032452E05867F0079BFCE /* Products */ = {
			isa = PBXGroup;
			children = (
				E9F032442E05867F0079BFCE /* Foundation Models.app */,
				E9F032512E0586820079BFCE /* Foundation ModelsTests.xctest */,
				E9F0325B2E0586820079BFCE /* Foundation ModelsUITests.xctest */,
			);
			name = Products;
			sourceTree = "<group>";
		};
/* End PBXGroup section */

/* Begin PBXNativeTarget section */
		E9F032432E05867F0079BFCE /* Foundation Models */ = {
			isa = PBXNativeTarget;
			buildConfigurationList = E9F032652E0586820079BFCE /* Build configuration list for PBXNativeTarget "Foundation Models" */;
			buildPhases = (
				E9F032402E05867F0079BFCE /* Sources */,
				E9F032412E05867F0079BFCE /* Frameworks */,
				E9F032422E05867F0079BFCE /* Resources */,
			);
			buildRules = (
			);
			dependencies = (
			);
			fileSystemSynchronizedGroups = (
				E9F032462E05867F0079BFCE /* Foundation Models */,
			);
			name = "Foundation Models";
			packageProductDependencies = (
				E9FF8FE82E309FDD00EBD473 /* StadiaMaps */,
			);
			productName = "Foundation Models";
			productReference = E9F032442E05867F0079BFCE /* Foundation Models.app */;
			productType = "com.apple.product-type.application";
		};
		E9F032502E0586820079BFCE /* Foundation ModelsTests */ = {
			isa = PBXNativeTarget;
			buildConfigurationList = E9F032682E0586820079BFCE /* Build configuration list for PBXNativeTarget "Foundation ModelsTests" */;
			buildPhases = (
				E9F0324D2E0586820079BFCE /* Sources */,
				E9F0324E2E0586820079BFCE /* Frameworks */,
				E9F0324F2E0586820079BFCE /* Resources */,
			);
			buildRules = (
			);
			dependencies = (
				E9F032532E0586820079BFCE /* PBXTargetDependency */,
			);
			fileSystemSynchronizedGroups = (
				E9F032542E0586820079BFCE /* Foundation ModelsTests */,
			);
			name = "Foundation ModelsTests";
			packageProductDependencies = (
			);
			productName = "Foundation ModelsTests";
			productReference = E9F032512E0586820079BFCE /* Foundation ModelsTests.xctest */;
			productType = "com.apple.product-type.bundle.unit-test";
		};
		E9F0325A2E0586820079BFCE /* Foundation ModelsUITests */ = {
			isa = PBXNativeTarget;
			buildConfigurationList = E9F0326B2E0586820079BFCE /* Build configuration list for PBXNativeTarget "Foundation ModelsUITests" */;
			buildPhases = (
				E9F032572E0586820079BFCE /* Sources */,
				E9F032582E0586820079BFCE /* Frameworks */,
				E9F032592E0586820079BFCE /* Resources */,
			);
			buildRules = (
			);
			dependencies = (
				E9F0325D2E0586820079BFCE /* PBXTargetDependency */,
			);
			fileSystemSynchronizedGroups = (
				E9F0325E2E0586820079BFCE /* Foundation ModelsUITests */,
			);
			name = "Foundation ModelsUITests";
			packageProductDependencies = (
			);
			productName = "Foundation ModelsUITests";
			productReference = E9F0325B2E0586820079BFCE /* Foundation ModelsUITests.xctest */;
			productType = "com.apple.product-type.bundle.ui-testing";
		};
/* End PBXNativeTarget section */

/* Begin PBXProject section */
		E9F0323C2E05867F0079BFCE /* Project object */ = {
			isa = PBXProject;
			attributes = {
				BuildIndependentTargetsInParallel = 1;
				LastSwiftUpdateCheck = 2600;
				LastUpgradeCheck = 2600;
				TargetAttributes = {
					E9F032432E05867F0079BFCE = {
						CreatedOnToolsVersion = 26.0;
					};
					E9F032502E0586820079BFCE = {
						CreatedOnToolsVersion = 26.0;
						TestTargetID = E9F032432E05867F0079BFCE;
					};
					E9F0325A2E0586820079BFCE = {
						CreatedOnToolsVersion = 26.0;
						TestTargetID = E9F032432E05867F0079BFCE;
					};
				};
			};
			buildConfigurationList = E9F0323F2E05867F0079BFCE /* Build configuration list for PBXProject "Foundation Models" */;
			developmentRegion = en;
			hasScannedForEncodings = 0;
			knownRegions = (
				en,
				Base,
			);
			mainGroup = E9F0323B2E05867F0079BFCE;
			minimizedProjectReferenceProxies = 1;
			packageReferences = (
				E9FF8FE72E309FDD00EBD473 /* XCRemoteSwiftPackageReference "stadiamaps-api-swift" */,
			);
			preferredProjectObjectVersion = 77;
			productRefGroup = E9F032452E05867F0079BFCE /* Products */;
			projectDirPath = "";
			projectRoot = "";
			targets = (
				E9F032432E05867F0079BFCE /* Foundation Models */,
				E9F032502E0586820079BFCE /* Foundation ModelsTests */,
				E9F0325A2E0586820079BFCE /* Foundation ModelsUITests */,
			);
		};
/* End PBXProject section */

/* Begin PBXResourcesBuildPhase section */
		E9F032422E05867F0079BFCE /* Resources */ = {
			isa = PBXResourcesBuildPhase;
			buildActionMask = 2147483647;
			files = (
				E91350CC2E346DB8002C3A9C /* LICENSE.txt in Resources */,
			);
			runOnlyForDeploymentPostprocessing = 0;
		};
		E9F0324F2E0586820079BFCE /* Resources */ = {
			isa = PBXResourcesBuildPhase;
			buildActionMask = 2147483647;
			files = (
			);
			runOnlyForDeploymentPostprocessing = 0;
		};
		E9F032592E0586820079BFCE /* Resources */ = {
			isa = PBXResourcesBuildPhase;
			buildActionMask = 2147483647;
			files = (
			);
			runOnlyForDeploymentPostprocessing = 0;
		};
/* End PBXResourcesBuildPhase section */

/* Begin PBXSourcesBuildPhase section */
		E9F032402E05867F0079BFCE /* Sources */ = {
			isa = PBXSourcesBuildPhase;
			buildActionMask = 2147483647;
			files = (
				E91350CA2E346C7B002C3A9C /* README.md in Sources */,
			);
			runOnlyForDeploymentPostprocessing = 0;
		};
		E9F0324D2E0586820079BFCE /* Sources */ = {
			isa = PBXSourcesBuildPhase;
			buildActionMask = 2147483647;
			files = (
			);
			runOnlyForDeploymentPostprocessing = 0;
		};
		E9F032572E0586820079BFCE /* Sources */ = {
			isa = PBXSourcesBuildPhase;
			buildActionMask = 2147483647;
			files = (
			);
			runOnlyForDeploymentPostprocessing = 0;
		};
/* End PBXSourcesBuildPhase section */

/* Begin PBXTargetDependency section */
		E9F032532E0586820079BFCE /* PBXTargetDependency */ = {
			isa = PBXTargetDependency;
			target = E9F032432E05867F0079BFCE /* Foundation Models */;
			targetProxy = E9F032522E0586820079BFCE /* PBXContainerItemProxy */;
		};
		E9F0325D2E0586820079BFCE /* PBXTargetDependency */ = {
			isa = PBXTargetDependency;
			target = E9F032432E05867F0079BFCE /* Foundation Models */;
			targetProxy = E9F0325C2E0586820079BFCE /* PBXContainerItemProxy */;
		};
/* End PBXTargetDependency section */

/* Begin XCBuildConfiguration section */
		E9F032632E0586820079BFCE /* Debug */ = {
			isa = XCBuildConfiguration;
			buildSettings = {
				ALWAYS_SEARCH_USER_PATHS = NO;
				ASSETCATALOG_COMPILER_GENERATE_SWIFT_ASSET_SYMBOL_EXTENSIONS = YES;
				CLANG_ANALYZER_NONNULL = YES;
				CLANG_ANALYZER_NUMBER_OBJECT_CONVERSION = YES_AGGRESSIVE;
				CLANG_CXX_LANGUAGE_STANDARD = "gnu++20";
				CLANG_ENABLE_MODULES = YES;
				CLANG_ENABLE_OBJC_ARC = YES;
				CLANG_ENABLE_OBJC_WEAK = YES;
				CLANG_WARN_BLOCK_CAPTURE_AUTORELEASING = YES;
				CLANG_WARN_BOOL_CONVERSION = YES;
				CLANG_WARN_COMMA = YES;
				CLANG_WARN_CONSTANT_CONVERSION = YES;
				CLANG_WARN_DEPRECATED_OBJC_IMPLEMENTATIONS = YES;
				CLANG_WARN_DIRECT_OBJC_ISA_USAGE = YES_ERROR;
				CLANG_WARN_DOCUMENTATION_COMMENTS = YES;
				CLANG_WARN_EMPTY_BODY = YES;
				CLANG_WARN_ENUM_CONVERSION = YES;
				CLANG_WARN_INFINITE_RECURSION = YES;
				CLANG_WARN_INT_CONVERSION = YES;
				CLANG_WARN_NON_LITERAL_NULL_CONVERSION = YES;
				CLANG_WARN_OBJC_IMPLICIT_RETAIN_SELF = YES;
				CLANG_WARN_OBJC_LITERAL_CONVERSION = YES;
				CLANG_WARN_OBJC_ROOT_CLASS = YES_ERROR;
				CLANG_WARN_QUOTED_INCLUDE_IN_FRAMEWORK_HEADER = YES;
				CLANG_WARN_RANGE_LOOP_ANALYSIS = YES;
				CLANG_WARN_STRICT_PROTOTYPES = YES;
				CLANG_WARN_SUSPICIOUS_MOVE = YES;
				CLANG_WARN_UNGUARDED_AVAILABILITY = YES_AGGRESSIVE;
				CLANG_WARN_UNREACHABLE_CODE = YES;
				CLANG_WARN__DUPLICATE_METHOD_MATCH = YES;
				COPY_PHASE_STRIP = NO;
				DEBUG_INFORMATION_FORMAT = dwarf;
				DEVELOPMENT_TEAM = W4C54KHWZ6;
				ENABLE_STRICT_OBJC_MSGSEND = YES;
				ENABLE_TESTABILITY = YES;
				ENABLE_USER_SCRIPT_SANDBOXING = YES;
				GCC_C_LANGUAGE_STANDARD = gnu17;
				GCC_DYNAMIC_NO_PIC = NO;
				GCC_NO_COMMON_BLOCKS = YES;
				GCC_OPTIMIZATION_LEVEL = 0;
				GCC_PREPROCESSOR_DEFINITIONS = (
					"DEBUG=1",
					"$(inherited)",
				);
				GCC_WARN_64_TO_32_BIT_CONVERSION = YES;
				GCC_WARN_ABOUT_RETURN_TYPE = YES_ERROR;
				GCC_WARN_UNDECLARED_SELECTOR = YES;
				GCC_WARN_UNINITIALIZED_AUTOS = YES_AGGRESSIVE;
				GCC_WARN_UNUSED_FUNCTION = YES;
				GCC_WARN_UNUSED_VARIABLE = YES;
				IPHONEOS_DEPLOYMENT_TARGET = 26.0;
				LOCALIZATION_PREFERS_STRING_CATALOGS = YES;
				MTL_ENABLE_DEBUG_INFO = INCLUDE_SOURCE;
				MTL_FAST_MATH = YES;
				ONLY_ACTIVE_ARCH = YES;
				SDKROOT = iphoneos;
				SWIFT_ACTIVE_COMPILATION_CONDITIONS = "DEBUG $(inherited)";
				SWIFT_OPTIMIZATION_LEVEL = "-Onone";
			};
			name = Debug;
		};
		E9F032642E0586820079BFCE /* Release */ = {
			isa = XCBuildConfiguration;
			buildSettings = {
				ALWAYS_SEARCH_USER_PATHS = NO;
				ASSETCATALOG_COMPILER_GENERATE_SWIFT_ASSET_SYMBOL_EXTENSIONS = YES;
				CLANG_ANALYZER_NONNULL = YES;
				CLANG_ANALYZER_NUMBER_OBJECT_CONVERSION = YES_AGGRESSIVE;
				CLANG_CXX_LANGUAGE_STANDARD = "gnu++20";
				CLANG_ENABLE_MODULES = YES;
				CLANG_ENABLE_OBJC_ARC = YES;
				CLANG_ENABLE_OBJC_WEAK = YES;
				CLANG_WARN_BLOCK_CAPTURE_AUTORELEASING = YES;
				CLANG_WARN_BOOL_CONVERSION = YES;
				CLANG_WARN_COMMA = YES;
				CLANG_WARN_CONSTANT_CONVERSION = YES;
				CLANG_WARN_DEPRECATED_OBJC_IMPLEMENTATIONS = YES;
				CLANG_WARN_DIRECT_OBJC_ISA_USAGE = YES_ERROR;
				CLANG_WARN_DOCUMENTATION_COMMENTS = YES;
				CLANG_WARN_EMPTY_BODY = YES;
				CLANG_WARN_ENUM_CONVERSION = YES;
				CLANG_WARN_INFINITE_RECURSION = YES;
				CLANG_WARN_INT_CONVERSION = YES;
				CLANG_WARN_NON_LITERAL_NULL_CONVERSION = YES;
				CLANG_WARN_OBJC_IMPLICIT_RETAIN_SELF = YES;
				CLANG_WARN_OBJC_LITERAL_CONVERSION = YES;
				CLANG_WARN_OBJC_ROOT_CLASS = YES_ERROR;
				CLANG_WARN_QUOTED_INCLUDE_IN_FRAMEWORK_HEADER = YES;
				CLANG_WARN_RANGE_LOOP_ANALYSIS = YES;
				CLANG_WARN_STRICT_PROTOTYPES = YES;
				CLANG_WARN_SUSPICIOUS_MOVE = YES;
				CLANG_WARN_UNGUARDED_AVAILABILITY = YES_AGGRESSIVE;
				CLANG_WARN_UNREACHABLE_CODE = YES;
				CLANG_WARN__DUPLICATE_METHOD_MATCH = YES;
				COPY_PHASE_STRIP = NO;
				DEBUG_INFORMATION_FORMAT = "dwarf-with-dsym";
				DEVELOPMENT_TEAM = W4C54KHWZ6;
				ENABLE_NS_ASSERTIONS = NO;
				ENABLE_STRICT_OBJC_MSGSEND = YES;
				ENABLE_USER_SCRIPT_SANDBOXING = YES;
				GCC_C_LANGUAGE_STANDARD = gnu17;
				GCC_NO_COMMON_BLOCKS = YES;
				GCC_WARN_64_TO_32_BIT_CONVERSION = YES;
				GCC_WARN_ABOUT_RETURN_TYPE = YES_ERROR;
				GCC_WARN_UNDECLARED_SELECTOR = YES;
				GCC_WARN_UNINITIALIZED_AUTOS = YES_AGGRESSIVE;
				GCC_WARN_UNUSED_FUNCTION = YES;
				GCC_WARN_UNUSED_VARIABLE = YES;
				IPHONEOS_DEPLOYMENT_TARGET = 26.0;
				LOCALIZATION_PREFERS_STRING_CATALOGS = YES;
				MTL_ENABLE_DEBUG_INFO = NO;
				MTL_FAST_MATH = YES;
				SDKROOT = iphoneos;
				SWIFT_COMPILATION_MODE = wholemodule;
				VALIDATE_PRODUCT = YES;
			};
			name = Release;
		};
		E9F032662E0586820079BFCE /* Debug */ = {
			isa = XCBuildConfiguration;
			buildSettings = {
				ASSETCATALOG_COMPILER_APPICON_NAME = AppIcon;
				ASSETCATALOG_COMPILER_GLOBAL_ACCENT_COLOR_NAME = AccentColor;
				CODE_SIGN_STYLE = Automatic;
				CURRENT_PROJECT_VERSION = 1;
				DEVELOPMENT_TEAM = W4C54KHWZ6;
				ENABLE_PREVIEWS = YES;
				GENERATE_INFOPLIST_FILE = YES;
				INFOPLIST_KEY_UIApplicationSceneManifest_Generation = YES;
				INFOPLIST_KEY_UIApplicationSupportsIndirectInputEvents = YES;
				INFOPLIST_KEY_UILaunchScreen_Generation = YES;
				INFOPLIST_KEY_UISupportedInterfaceOrientations_iPad = "UIInterfaceOrientationPortrait UIInterfaceOrientationPortraitUpsideDown UIInterfaceOrientationLandscapeLeft UIInterfaceOrientationLandscapeRight";
				INFOPLIST_KEY_UISupportedInterfaceOrientations_iPhone = "UIInterfaceOrientationPortrait UIInterfaceOrientationLandscapeLeft UIInterfaceOrientationLandscapeRight";
				LD_RUNPATH_SEARCH_PATHS = (
					"$(inherited)",
					"@executable_path/Frameworks",
				);
				MARKETING_VERSION = 1.0;
				PRODUCT_BUNDLE_IDENTIFIER = "com.ianthetechie.Foundation-Models";
				PRODUCT_NAME = "$(TARGET_NAME)";
				STRING_CATALOG_GENERATE_SYMBOLS = YES;
				SWIFT_DEFAULT_ACTOR_ISOLATION = MainActor;
				SWIFT_EMIT_LOC_STRINGS = YES;
				SWIFT_UPCOMING_FEATURE_MEMBER_IMPORT_VISIBILITY = YES;
				SWIFT_VERSION = 5.0;
				TARGETED_DEVICE_FAMILY = "1,2";
			};
			name = Debug;
		};
		E9F032672E0586820079BFCE /* Release */ = {
			isa = XCBuildConfiguration;
			buildSettings = {
				ASSETCATALOG_COMPILER_APPICON_NAME = AppIcon;
				ASSETCATALOG_COMPILER_GLOBAL_ACCENT_COLOR_NAME = AccentColor;
				CODE_SIGN_STYLE = Automatic;
				CURRENT_PROJECT_VERSION = 1;
				DEVELOPMENT_TEAM = W4C54KHWZ6;
				ENABLE_PREVIEWS = YES;
				GENERATE_INFOPLIST_FILE = YES;
				INFOPLIST_KEY_UIApplicationSceneManifest_Generation = YES;
				INFOPLIST_KEY_UIApplicationSupportsIndirectInputEvents = YES;
				INFOPLIST_KEY_UILaunchScreen_Generation = YES;
				INFOPLIST_KEY_UISupportedInterfaceOrientations_iPad = "UIInterfaceOrientationPortrait UIInterfaceOrientationPortraitUpsideDown UIInterfaceOrientationLandscapeLeft UIInterfaceOrientationLandscapeRight";
				INFOPLIST_KEY_UISupportedInterfaceOrientations_iPhone = "UIInterfaceOrientationPortrait UIInterfaceOrientationLandscapeLeft UIInterfaceOrientationLandscapeRight";
				LD_RUNPATH_SEARCH_PATHS = (
					"$(inherited)",
					"@executable_path/Frameworks",
				);
				MARKETING_VERSION = 1.0;
				PRODUCT_BUNDLE_IDENTIFIER = "com.ianthetechie.Foundation-Models";
				PRODUCT_NAME = "$(TARGET_NAME)";
				STRING_CATALOG_GENERATE_SYMBOLS = YES;
				SWIFT_DEFAULT_ACTOR_ISOLATION = MainActor;
				SWIFT_EMIT_LOC_STRINGS = YES;
				SWIFT_UPCOMING_FEATURE_MEMBER_IMPORT_VISIBILITY = YES;
				SWIFT_VERSION = 5.0;
				TARGETED_DEVICE_FAMILY = "1,2";
			};
			name = Release;
		};
		E9F032692E0586820079BFCE /* Debug */ = {
			isa = XCBuildConfiguration;
			buildSettings = {
				BUNDLE_LOADER = "$(TEST_HOST)";
				CODE_SIGN_STYLE = Automatic;
				CURRENT_PROJECT_VERSION = 1;
				DEVELOPMENT_TEAM = W4C54KHWZ6;
				GENERATE_INFOPLIST_FILE = YES;
				IPHONEOS_DEPLOYMENT_TARGET = 26.0;
				MARKETING_VERSION = 1.0;
				PRODUCT_BUNDLE_IDENTIFIER = "com.ianthetechie.Foundation-ModelsTests";
				PRODUCT_NAME = "$(TARGET_NAME)";
				STRING_CATALOG_GENERATE_SYMBOLS = NO;
				SWIFT_EMIT_LOC_STRINGS = NO;
				SWIFT_UPCOMING_FEATURE_MEMBER_IMPORT_VISIBILITY = YES;
				SWIFT_VERSION = 5.0;
				TARGETED_DEVICE_FAMILY = "1,2";
				TEST_HOST = "$(BUILT_PRODUCTS_DIR)/Foundation Models.app/$(BUNDLE_EXECUTABLE_FOLDER_PATH)/Foundation Models";
			};
			name = Debug;
		};
		E9F0326A2E0586820079BFCE /* Release */ = {
			isa = XCBuildConfiguration;
			buildSettings = {
				BUNDLE_LOADER = "$(TEST_HOST)";
				CODE_SIGN_STYLE = Automatic;
				CURRENT_PROJECT_VERSION = 1;
				DEVELOPMENT_TEAM = W4C54KHWZ6;
				GENERATE_INFOPLIST_FILE = YES;
				IPHONEOS_DEPLOYMENT_TARGET = 26.0;
				MARKETING_VERSION = 1.0;
				PRODUCT_BUNDLE_IDENTIFIER = "com.ianthetechie.Foundation-ModelsTests";
				PRODUCT_NAME = "$(TARGET_NAME)";
				STRING_CATALOG_GENERATE_SYMBOLS = NO;
				SWIFT_EMIT_LOC_STRINGS = NO;
				SWIFT_UPCOMING_FEATURE_MEMBER_IMPORT_VISIBILITY = YES;
				SWIFT_VERSION = 5.0;
				TARGETED_DEVICE_FAMILY = "1,2";
				TEST_HOST = "$(BUILT_PRODUCTS_DIR)/Foundation Models.app/$(BUNDLE_EXECUTABLE_FOLDER_PATH)/Foundation Models";
			};
			name = Release;
		};
		E9F0326C2E0586820079BFCE /* Debug */ = {
			isa = XCBuildConfiguration;
			buildSettings = {
				CODE_SIGN_STYLE = Automatic;
				CURRENT_PROJECT_VERSION = 1;
				DEVELOPMENT_TEAM = W4C54KHWZ6;
				GENERATE_INFOPLIST_FILE = YES;
				MARKETING_VERSION = 1.0;
				PRODUCT_BUNDLE_IDENTIFIER = "com.ianthetechie.Foundation-ModelsUITests";
				PRODUCT_NAME = "$(TARGET_NAME)";
				STRING_CATALOG_GENERATE_SYMBOLS = NO;
				SWIFT_EMIT_LOC_STRINGS = NO;
				SWIFT_UPCOMING_FEATURE_MEMBER_IMPORT_VISIBILITY = YES;
				SWIFT_VERSION = 5.0;
				TARGETED_DEVICE_FAMILY = "1,2";
				TEST_TARGET_NAME = "Foundation Models";
			};
			name = Debug;
		};
		E9F0326D2E0586820079BFCE /* Release */ = {
			isa = XCBuildConfiguration;
			buildSettings = {
				CODE_SIGN_STYLE = Automatic;
				CURRENT_PROJECT_VERSION = 1;
				DEVELOPMENT_TEAM = W4C54KHWZ6;
				GENERATE_INFOPLIST_FILE = YES;
				MARKETING_VERSION = 1.0;
				PRODUCT_BUNDLE_IDENTIFIER = "com.ianthetechie.Foundation-ModelsUITests";
				PRODUCT_NAME = "$(TARGET_NAME)";
				STRING_CATALOG_GENERATE_SYMBOLS = NO;
				SWIFT_EMIT_LOC_STRINGS = NO;
				SWIFT_UPCOMING_FEATURE_MEMBER_IMPORT_VISIBILITY = YES;
				SWIFT_VERSION = 5.0;
				TARGETED_DEVICE_FAMILY = "1,2";
				TEST_TARGET_NAME = "Foundation Models";
			};
			name = Release;
		};
/* End XCBuildConfiguration section */

/* Begin XCConfigurationList section */
		E9F0323F2E05867F0079BFCE /* Build configuration list for PBXProject "Foundation Models" */ = {
			isa = XCConfigurationList;
			buildConfigurations = (
				E9F032632E0586820079BFCE /* Debug */,
				E9F032642E0586820079BFCE /* Release */,
			);
			defaultConfigurationIsVisible = 0;
			defaultConfigurationName = Release;
		};
		E9F032652E0586820079BFCE /* Build configuration list for PBXNativeTarget "Foundation Models" */ = {
			isa = XCConfigurationList;
			buildConfigurations = (
				E9F032662E0586820079BFCE /* Debug */,
				E9F032672E0586820079BFCE /* Release */,
			);
			defaultConfigurationIsVisible = 0;
			defaultConfigurationName = Release;
		};
		E9F032682E0586820079BFCE /* Build configuration list for PBXNativeTarget "Foundation ModelsTests" */ = {
			isa = XCConfigurationList;
			buildConfigurations = (
				E9F032692E0586820079BFCE /* Debug */,
				E9F0326A2E0586820079BFCE /* Release */,
			);
			defaultConfigurationIsVisible = 0;
			defaultConfigurationName = Release;
		};
		E9F0326B2E0586820079BFCE /* Build configuration list for PBXNativeTarget "Foundation ModelsUITests" */ = {
			isa = XCConfigurationList;
			buildConfigurations = (
				E9F0326C2E0586820079BFCE /* Debug */,
				E9F0326D2E0586820079BFCE /* Release */,
			);
			defaultConfigurationIsVisible = 0;
			defaultConfigurationName = Release;
		};
/* End XCConfigurationList section */

/* Begin XCRemoteSwiftPackageReference section */
		E9FF8FE72E309FDD00EBD473 /* XCRemoteSwiftPackageReference "stadiamaps-api-swift" */ = {
			isa = XCRemoteSwiftPackageReference;
			repositoryURL = "https://github.com/stadiamaps/stadiamaps-api-swift";
			requirement = {
				kind = upToNextMajorVersion;
				minimumVersion = 7.0.1;
			};
		};
/* End XCRemoteSwiftPackageReference section */

/* Begin XCSwiftPackageProductDependency section */
		E9FF8FE82E309FDD00EBD473 /* StadiaMaps */ = {
			isa = XCSwiftPackageProductDependency;
			package = E9FF8FE72E309FDD00EBD473 /* XCRemoteSwiftPackageReference "stadiamaps-api-swift" */;
			productName = StadiaMaps;
		};
/* End XCSwiftPackageProductDependency section */
	};
	rootObject = E9F0323C2E05867F0079BFCE /* Project object */;
}
